
Microsoft Visual Studio Solution File, Format Version 12.00
# Visual Studio Version 17
VisualStudioVersion = 17.8.34330.188
MinimumVisualStudioVersion = 10.0.40219.1
Project("{FAE04EC0-301F-11D3-BF4B-00C04F79EFBC}") = "Autok_Osztalyok", "Autok_Osztalyok\Autok_Osztalyok.csproj", "{0B3553C6-60E3-4DC5-A5AA-5E59BA32A710}"
EndProject
Global
	GlobalSection(SolutionConfigurationPlatforms) = preSolution
		Debug|Any CPU = Debug|Any CPU
		Release|Any CPU = Release|Any CPU
	EndGlobalSection
	GlobalSection(ProjectConfigurationPlatforms) = postSolution
		{0B3553C6-60E3-4DC5-A5AA-5E59BA32A710}.Debug|Any CPU.ActiveCfg = Debug|Any CPU
		{0B3553C6-60E3-4DC5-A5AA-5E59BA32A710}.Debug|Any CPU.Build.0 = Debug|Any CPU
		{0B3553C6-60E3-4DC5-A5AA-5E59BA32A710}.Release|Any CPU.ActiveCfg = Release|Any CPU
		{0B3553C6-60E3-4DC5-A5AA-5E59BA32A710}.Release|Any CPU.Build.0 = Release|Any CPU
	EndGlobalSection
	GlobalSection(SolutionProperties) = preSolution
		HideSolutionNode = FALSE
	EndGlobalSection
	GlobalSection(ExtensibilityGlobals) = postSolution
		SolutionGuid = {8A7F54F1-DC54-4C68-8298-8A19BDA36DBE}
	EndGlobalSection
EndGlobal
